<?xml version="1.0" encoding="utf-8"?>
<Project ToolsVersion="4.0" xmlns="http://schemas.microsoft.com/developer/msbuild/2003">
  <ItemGroup>
    <Filter Include="Quelldateien">
      <UniqueIdentifier>{4FC737F1-C7A5-4376-A066-2A32D752A2FF}</UniqueIdentifier>
      <Extensions>cpp;c;cc;cxx;c++;cppm;ixx;def;odl;idl;hpj;bat;asm;asmx</Extensions>
    </Filter>
    <Filter Include="Headerdateien">
      <UniqueIdentifier>{93995380-89BD-4b04-88EB-625FBE52EBFB}</UniqueIdentifier>
      <Extensions>h;hh;hpp;hxx;h++;hm;inl;inc;ipp;xsd</Extensions>
    </Filter>
    <Filter Include="Ressourcendateien">
      <UniqueIdentifier>{67DA6AB6-F800-4c08-8B7A-83BB121AAD01}</UniqueIdentifier>
      <Extensions>rc;ico;cur;bmp;dlg;rc2;rct;bin;rgs;gif;jpg;jpeg;jpe;resx;tiff;tif;png;wav;mfcribbon-ms</Extensions>
    </Filter>
  </ItemGroup>
  <ItemGroup>
    <ClCompile Include="..\lang\cmu_us_kal16\cmu_us_kal16_lpc.c">
      <Filter>Quelldateien</Filter>
    </ClCompile>
    <ClCompile Include="..\lang\cmu_us_kal16\cmu_us_kal16_res.c">
      <Filter>Quelldateien</Filter>
    </ClCompile>
    <ClCompile Include="..\lang\cmu_us_kal16\cmu_us_kal16_residx.c">
      <Filter>Quelldateien</Filter>
    </ClCompile>
    <ClCompile Include="..\lang\cmu_us_kal16\cmu_us_kal16.c">
      <Filter>Quelldateien</Filter>
    </ClCompile>
    <ClCompile Include="..\lang\cmu_us_kal16\cmu_us_kal16_diphone.c">
      <Filter>Quelldateien</Filter>
    </ClCompile>
    <ClCompile Include="..\lang\cmulex\cmu_lex_entries.c">
      <Filter>Quelldateien</Filter>
    </ClCompile>
    <ClCompile Include="..\lang\cmulex\cmu_lts_model.c">
      <Filter>Quelldateien</Filter>
    </ClCompile>
    <ClCompile Include="..\lang\cmulex\cmu_lts_rules.c">
      <Filter>Quelldateien</Filter>
    </ClCompile>
    <ClCompile Include="..\lang\cmulex\cmu_postlex.c">
      <Filter>Quelldateien</Filter>
    </ClCompile>
    <ClCompile Include="..\lang\cmulex\cmu_lex.c">
      <Filter>Quelldateien</Filter>
    </ClCompile>
    <ClCompile Include="..\lang\cmulex\cmu_lex_data.c">
      <Filter>Quelldateien</Filter>
    </ClCompile>
    <ClCompile Include="..\lang\usenglish\us_int_accent_cart.c">
      <Filter>Quelldateien</Filter>
    </ClCompile>
    <ClCompile Include="..\lang\usenglish\us_int_tone_cart.c">
      <Filter>Quelldateien</Filter>
    </ClCompile>
    <ClCompile Include="..\lang\usenglish\us_nums_cart.c">
      <Filter>Quelldateien</Filter>
    </ClCompile>
    <ClCompile Include="..\lang\usenglish\us_phoneset.c">
      <Filter>Quelldateien</Filter>
    </ClCompile>
    <ClCompile Include="..\lang\usenglish\us_phrasing_cart.c">
      <Filter>Quelldateien</Filter>
    </ClCompile>
    <ClCompile Include="..\lang\usenglish\us_pos_cart.c">
      <Filter>Quelldateien</Filter>
    </ClCompile>
    <ClCompile Include="..\lang\usenglish\us_text.c">
      <Filter>Quelldateien</Filter>
    </ClCompile>
    <ClCompile Include="..\lang\usenglish\usenglish.c">
      <Filter>Quelldateien</Filter>
    </ClCompile>
    <ClCompile Include="..\lang\usenglish\us_aswd.c">
      <Filter>Quelldateien</Filter>
    </ClCompile>
    <ClCompile Include="..\lang\usenglish\us_dur_stats.c">
      <Filter>Quelldateien</Filter>
    </ClCompile>
    <ClCompile Include="..\lang\usenglish\us_durz_cart.c">
      <Filter>Quelldateien</Filter>
    </ClCompile>
    <ClCompile Include="..\lang\usenglish\us_expand.c">
      <Filter>Quelldateien</Filter>
    </ClCompile>
    <ClCompile Include="..\lang\usenglish\us_f0_model.c">
      <Filter>Quelldateien</Filter>
    </ClCompile>
    <ClCompile Include="..\lang\usenglish\us_f0lr.c">
      <Filter>Quelldateien</Filter>
    </ClCompile>
    <ClCompile Include="..\lang\usenglish\us_ffeatures.c">
      <Filter>Quelldateien</Filter>
    </ClCompile>
    <ClCompile Include="..\lang\usenglish\us_gpos.c">
      <Filter>Quelldateien</Filter>
    </ClCompile>
  </ItemGroup>
  <ItemGroup>
    <ClInclude Include="..\lang\cmu_us_kal16\voxdefs.h">
      <Filter>Headerdateien</Filter>
    </ClInclude>
    <ClInclude Include="..\lang\cmulex\cmu_lts_model.h">
      <Filter>Headerdateien</Filter>
    </ClInclude>
    <ClInclude Include="..\lang\cmulex\cmu_lex.h">
      <Filter>Headerdateien</Filter>
    </ClInclude>
    <ClInclude Include="..\lang\usenglish\us_pos_cart.h">
      <Filter>Headerdateien</Filter>
    </ClInclude>
    <ClInclude Include="..\lang\usenglish\us_regexes.h">
      <Filter>Headerdateien</Filter>
    </ClInclude>
    <ClInclude Include="..\lang\usenglish\us_text.h">
      <Filter>Headerdateien</Filter>
    </ClInclude>
    <ClInclude Include="..\lang\usenglish\usenglish.h">
      <Filter>Headerdateien</Filter>
    </ClInclude>
    <ClInclude Include="..\lang\usenglish\us_durz_cart.h">
      <Filter>Headerdateien</Filter>
    </ClInclude>
    <ClInclude Include="..\lang\usenglish\us_f0.h">
      <Filter>Headerdateien</Filter>
    </ClInclude>
    <ClInclude Include="..\lang\usenglish\us_ffeatures.h">
      <Filter>Headerdateien</Filter>
    </ClInclude>
    <ClInclude Include="..\lang\usenglish\us_int_accent_cart.h">
      <Filter>Headerdateien</Filter>
    </ClInclude>
    <ClInclude Include="..\lang\usenglish\us_int_tone_cart.h">
      <Filter>Headerdateien</Filter>
    </ClInclude>
    <ClInclude Include="..\lang\usenglish\us_nums_cart.h">
      <Filter>Headerdateien</Filter>
    </ClInclude>
    <ClInclude Include="..\lang\usenglish\us_phrasing_cart.h">
      <Filter>Headerdateien</Filter>
    </ClInclude>
    <ClInclude Include="..\lang\cmu_us_kal16\cmu_us_kal16.h">
      <Filter>Headerdateien</Filter>
    </ClInclude>
  </ItemGroup>
</Project>